{
  "name": "задача 3.1.4 верстка по макету",
  "lockfileVersion": 3,
  "requires": true,
  "packages": {
    "": {
      "dependencies": {
        "swiper": "^12.0.1"
      }
    },
    "node_modules/swiper": {
      "version": "12.0.1",
      "resolved": "https://registry.npmjs.org/swiper/-/swiper-12.0.1.tgz",
      "integrity": "sha512-Fi+gNw/tfc4hsGowQU5tRC/f1HFknkh4Vz8PaDI4JTinLUMTwhZyaovcH/va+iXq98BNUHN5ok0c2lEI82Fsgw==",
      "funding": [
        {
          "type": "patreon",
          "url": "https://www.patreon.com/swiperjs"
        },
        {
          "type": "open_collective",
          "url": "http://opencollective.com/swiper"
        }
      ],
      "license": "MIT",
      "engines": {
        "node": ">= 4.7.0"
      }
    }
  }
}
